{
  "version": 4,
  "terraform_version": "1.4.2",
  "serial": 2,
  "lineage": "dcd191c7-a7fd-65ff-ae57-d25f2043f2ff",
  "outputs": {},
  "resources": [
    {
      "mode": "managed",
      "type": "aws_secretsmanager_secret",
      "name": "dev_rds_secret",
      "provider": "provider[\"registry.terraform.io/hashicorp/aws\"]",
      "instances": [
        {
          "schema_version": 0,
          "attributes": {
            "arn": "arn:aws:secretsmanager:us-west-2:126493000772:secret:rds!db-6d98bce8-e673-41d4-b991-f26b272fceaa-5yuEEO",
            "description": "Secret associated with primary RDS DB instance: arn:aws:rds:us-west-2:126493000772:db:moneyrobot-dev",
            "force_overwrite_replica_secret": null,
            "id": "arn:aws:secretsmanager:us-west-2:126493000772:secret:rds!db-6d98bce8-e673-41d4-b991-f26b272fceaa-5yuEEO",
            "kms_key_id": "",
            "name": "rds!db-6d98bce8-e673-41d4-b991-f26b272fceaa",
            "name_prefix": "",
            "policy": "",
            "recovery_window_in_days": null,
            "replica": [],
            "rotation_enabled": true,
            "rotation_lambda_arn": "",
            "rotation_rules": [
              {
                "automatically_after_days": 7
              }
            ],
            "tags": {},
            "tags_all": {}
          },
          "sensitive_attributes": [],
          "private": "eyJzY2hlbWFfdmVyc2lvbiI6IjAifQ=="
        }
      ]
    },
    {
      "mode": "managed",
      "type": "aws_secretsmanager_secret",
      "name": "moneyrobot-dev-secret",
      "provider": "provider[\"registry.terraform.io/hashicorp/aws\"]",
      "instances": [
        {
          "schema_version": 0,
          "attributes": {
            "arn": "arn:aws:secretsmanager:us-west-2:126493000772:secret:moneyrobot-dev-secret-dp0OAU",
            "description": "Creds to access moneyrobot-dev RDS instance.",
            "force_overwrite_replica_secret": null,
            "id": "arn:aws:secretsmanager:us-west-2:126493000772:secret:moneyrobot-dev-secret-dp0OAU",
            "kms_key_id": "",
            "name": "moneyrobot-dev-secret",
            "name_prefix": "",
            "policy": "",
            "recovery_window_in_days": null,
            "replica": [],
            "rotation_enabled": false,
            "rotation_lambda_arn": "",
            "rotation_rules": [],
            "tags": {},
            "tags_all": {}
          },
          "sensitive_attributes": [],
          "private": "eyJzY2hlbWFfdmVyc2lvbiI6IjAifQ=="
        }
      ]
    }
  ],
  "check_results": null
}
